// !$*UTF8*$!
{
	archiveVersion = 1;
	classes = {
	};
	objectVersion = 48;
	objects = {

/* Begin PBXBuildFile section */
		AD367531226B5345006CE316 /* UserNotifications.framework in Frameworks */ = {isa = PBXBuildFile; fileRef = AD367530226B5345006CE316 /* UserNotifications.framework */; };
		AD367533226B5345006CE316 /* UserNotificationsUI.framework in Frameworks */ = {isa = PBXBuildFile; fileRef = AD367532226B5345006CE316 /* UserNotificationsUI.framework */; };
		AD36753D226B5345006CE316 /* NotificationExtension.appex in Embed App Extensions */ = {isa = PBXBuildFile; fileRef = AD36752F226B5345006CE316 /* NotificationExtension.appex */; settings = {ATTRIBUTES = (RemoveHeadersOnCopy, ); }; };
		AD367547226B557D006CE316 /* UserNotifications.framework in Frameworks */ = {isa = PBXBuildFile; fileRef = AD367530226B5345006CE316 /* UserNotifications.framework */; };
		AD367548226B557D006CE316 /* UserNotificationsUI.framework in Frameworks */ = {isa = PBXBuildFile; fileRef = AD367532226B5345006CE316 /* UserNotificationsUI.framework */; };
		AD367552226B557D006CE316 /* NotificationExtension2.appex in Embed App Extensions */ = {isa = PBXBuildFile; fileRef = AD367546226B557D006CE316 /* NotificationExtension2.appex */; settings = {ATTRIBUTES = (RemoveHeadersOnCopy, ); }; };
		AD367565226B6171006CE316 /* watchMplayer Extension.appex in Embed App Extensions */ = {isa = PBXBuildFile; fileRef = AD367564226B6171006CE316 /* watchMplayer Extension.appex */; settings = {ATTRIBUTES = (RemoveHeadersOnCopy, ); }; };
		AD367575226B6171006CE316 /* watchMplayer.app in Embed Watch Content */ = {isa = PBXBuildFile; fileRef = AD367558226B616E006CE316 /* watchMplayer.app */; };
		ADD691DE2265B00B00330030 /* AppDelegate.swift in Sources */ = {isa = PBXBuildFile; fileRef = ADD691DD2265B00B00330030 /* AppDelegate.swift */; };
		ADD691E02265B00B00330030 /* ViewController.swift in Sources */ = {isa = PBXBuildFile; fileRef = ADD691DF2265B00B00330030 /* ViewController.swift */; };
		ADD691E32265B00C00330030 /* Main.storyboard in Resources */ = {isa = PBXBuildFile; fileRef = ADD691E12265B00B00330030 /* Main.storyboard */; };
		ADD691E52265B00C00330030 /* Assets.xcassets in Resources */ = {isa = PBXBuildFile; fileRef = ADD691E42265B00C00330030 /* Assets.xcassets */; };
		ADD691E82265B00C00330030 /* LaunchScreen.storyboard in Resources */ = {isa = PBXBuildFile; fileRef = ADD691E62265B00C00330030 /* LaunchScreen.storyboard */; };
		ADD691F32265B00C00330030 /* Music_PlayerTests.swift in Sources */ = {isa = PBXBuildFile; fileRef = ADD691F22265B00C00330030 /* Music_PlayerTests.swift */; };
		ADD691FE2265B00D00330030 /* Music_PlayerUITests.swift in Sources */ = {isa = PBXBuildFile; fileRef = ADD691FD2265B00D00330030 /* Music_PlayerUITests.swift */; };
		ADD6920E2265B0A200330030 /* AudioToolbox.framework in Frameworks */ = {isa = PBXBuildFile; fileRef = ADD6920D2265B0A200330030 /* AudioToolbox.framework */; };
/* End PBXBuildFile section */

/* Begin PBXContainerItemProxy section */
		AD36753B226B5345006CE316 /* PBXContainerItemProxy */ = {
			isa = PBXContainerItemProxy;
			containerPortal = ADD691D22265B00800330030 /* Project object */;
			proxyType = 1;
			remoteGlobalIDString = AD36752E226B5345006CE316;
			remoteInfo = NotificationExtension;
		};
		AD367550226B557D006CE316 /* PBXContainerItemProxy */ = {
			isa = PBXContainerItemProxy;
			containerPortal = ADD691D22265B00800330030 /* Project object */;
			proxyType = 1;
			remoteGlobalIDString = AD367545226B557D006CE316;
			remoteInfo = NotificationExtension2;
		};
		AD367566226B6171006CE316 /* PBXContainerItemProxy */ = {
			isa = PBXContainerItemProxy;
			containerPortal = ADD691D22265B00800330030 /* Project object */;
			proxyType = 1;
			remoteGlobalIDString = AD367563226B6171006CE316;
			remoteInfo = "watchMplayer Extension";
		};
		AD367573226B6171006CE316 /* PBXContainerItemProxy */ = {
			isa = PBXContainerItemProxy;
			containerPortal = ADD691D22265B00800330030 /* Project object */;
			proxyType = 1;
			remoteGlobalIDString = AD367557226B616E006CE316;
			remoteInfo = watchMplayer;
		};
		ADD691EF2265B00C00330030 /* PBXContainerItemProxy */ = {
			isa = PBXContainerItemProxy;
			containerPortal = ADD691D22265B00800330030 /* Project object */;
			proxyType = 1;
			remoteGlobalIDString = ADD691D92265B00900330030;
			remoteInfo = "Music Player";
		};
		ADD691FA2265B00D00330030 /* PBXContainerItemProxy */ = {
			isa = PBXContainerItemProxy;
			containerPortal = ADD691D22265B00800330030 /* Project object */;
			proxyType = 1;
			remoteGlobalIDString = ADD691D92265B00900330030;
			remoteInfo = "Music Player";
		};
/* End PBXContainerItemProxy section */

/* Begin PBXCopyFilesBuildPhase section */
		AD367541226B5345006CE316 /* Embed App Extensions */ = {
			isa = PBXCopyFilesBuildPhase;
			buildActionMask = 2147483647;
			dstPath = "";
			dstSubfolderSpec = 13;
			files = (
				AD367552226B557D006CE316 /* NotificationExtension2.appex in Embed App Extensions */,
				AD36753D226B5345006CE316 /* NotificationExtension.appex in Embed App Extensions */,
			);
			name = "Embed App Extensions";
			runOnlyForDeploymentPostprocessing = 0;
		};
		AD367579226B6171006CE316 /* Embed App Extensions */ = {
			isa = PBXCopyFilesBuildPhase;
			buildActionMask = 2147483647;
			dstPath = "";
			dstSubfolderSpec = 13;
			files = (
				AD367565226B6171006CE316 /* watchMplayer Extension.appex in Embed App Extensions */,
			);
			name = "Embed App Extensions";
			runOnlyForDeploymentPostprocessing = 0;
		};
		AD36757D226B6171006CE316 /* Embed Watch Content */ = {
			isa = PBXCopyFilesBuildPhase;
			buildActionMask = 2147483647;
			dstPath = "$(CONTENTS_FOLDER_PATH)/Watch";
			dstSubfolderSpec = 16;
			files = (
				AD367575226B6171006CE316 /* watchMplayer.app in Embed Watch Content */,
			);
			name = "Embed Watch Content";
			runOnlyForDeploymentPostprocessing = 0;
		};
/* End PBXCopyFilesBuildPhase section */

/* Begin PBXFileReference section */
		AD36752F226B5345006CE316 /* NotificationExtension.appex */ = {isa = PBXFileReference; explicitFileType = "wrapper.app-extension"; includeInIndex = 0; path = NotificationExtension.appex; sourceTree = BUILT_PRODUCTS_DIR; };
		AD367530226B5345006CE316 /* UserNotifications.framework */ = {isa = PBXFileReference; lastKnownFileType = wrapper.framework; name = UserNotifications.framework; path = System/Library/Frameworks/UserNotifications.framework; sourceTree = SDKROOT; };
		AD367532226B5345006CE316 /* UserNotificationsUI.framework */ = {isa = PBXFileReference; lastKnownFileType = wrapper.framework; name = UserNotificationsUI.framework; path = System/Library/Frameworks/UserNotificationsUI.framework; sourceTree = SDKROOT; };
		AD367546226B557D006CE316 /* NotificationExtension2.appex */ = {isa = PBXFileReference; explicitFileType = "wrapper.app-extension"; includeInIndex = 0; path = NotificationExtension2.appex; sourceTree = BUILT_PRODUCTS_DIR; };
		AD367558226B616E006CE316 /* watchMplayer.app */ = {isa = PBXFileReference; explicitFileType = wrapper.application; includeInIndex = 0; path = watchMplayer.app; sourceTree = BUILT_PRODUCTS_DIR; };
		AD367564226B6171006CE316 /* watchMplayer Extension.appex */ = {isa = PBXFileReference; explicitFileType = "wrapper.app-extension"; includeInIndex = 0; path = "watchMplayer Extension.appex"; sourceTree = BUILT_PRODUCTS_DIR; };
		ADD691DA2265B00900330030 /* Music Player.app */ = {isa = PBXFileReference; explicitFileType = wrapper.application; includeInIndex = 0; path = "Music Player.app"; sourceTree = BUILT_PRODUCTS_DIR; };
		ADD691DD2265B00B00330030 /* AppDelegate.swift */ = {isa = PBXFileReference; lastKnownFileType = sourcecode.swift; path = AppDelegate.swift; sourceTree = "<group>"; };
		ADD691DF2265B00B00330030 /* ViewController.swift */ = {isa = PBXFileReference; lastKnownFileType = sourcecode.swift; path = ViewController.swift; sourceTree = "<group>"; };
		ADD691E22265B00B00330030 /* Base */ = {isa = PBXFileReference; lastKnownFileType = file.storyboard; name = Base; path = Base.lproj/Main.storyboard; sourceTree = "<group>"; };
		ADD691E42265B00C00330030 /* Assets.xcassets */ = {isa = PBXFileReference; lastKnownFileType = folder.assetcatalog; path = Assets.xcassets; sourceTree = "<group>"; };
		ADD691E72265B00C00330030 /* Base */ = {isa = PBXFileReference; lastKnownFileType = file.storyboard; name = Base; path = Base.lproj/LaunchScreen.storyboard; sourceTree = "<group>"; };
		ADD691E92265B00C00330030 /* Info.plist */ = {isa = PBXFileReference; lastKnownFileType = text.plist.xml; path = Info.plist; sourceTree = "<group>"; };
		ADD691EE2265B00C00330030 /* Music PlayerTests.xctest */ = {isa = PBXFileReference; explicitFileType = wrapper.cfbundle; includeInIndex = 0; path = "Music PlayerTests.xctest"; sourceTree = BUILT_PRODUCTS_DIR; };
		ADD691F22265B00C00330030 /* Music_PlayerTests.swift */ = {isa = PBXFileReference; lastKnownFileType = sourcecode.swift; path = Music_PlayerTests.swift; sourceTree = "<group>"; };
		ADD691F42265B00C00330030 /* Info.plist */ = {isa = PBXFileReference; lastKnownFileType = text.plist.xml; path = Info.plist; sourceTree = "<group>"; };
		ADD691F92265B00D00330030 /* Music PlayerUITests.xctest */ = {isa = PBXFileReference; explicitFileType = wrapper.cfbundle; includeInIndex = 0; path = "Music PlayerUITests.xctest"; sourceTree = BUILT_PRODUCTS_DIR; };
		ADD691FD2265B00D00330030 /* Music_PlayerUITests.swift */ = {isa = PBXFileReference; lastKnownFileType = sourcecode.swift; path = Music_PlayerUITests.swift; sourceTree = "<group>"; };
		ADD691FF2265B00D00330030 /* Info.plist */ = {isa = PBXFileReference; lastKnownFileType = text.plist.xml; path = Info.plist; sourceTree = "<group>"; };
		ADD6920B2265B0A200330030 /* Music Player.entitlements */ = {isa = PBXFileReference; lastKnownFileType = text.plist.entitlements; path = "Music Player.entitlements"; sourceTree = "<group>"; };
		ADD6920D2265B0A200330030 /* AudioToolbox.framework */ = {isa = PBXFileReference; lastKnownFileType = wrapper.framework; name = AudioToolbox.framework; path = System/Library/Frameworks/AudioToolbox.framework; sourceTree = SDKROOT; };
/* End PBXFileReference section */

/* Begin PBXFrameworksBuildPhase section */
		AD36752C226B5345006CE316 /* Frameworks */ = {
			isa = PBXFrameworksBuildPhase;
			buildActionMask = 2147483647;
			files = (
				AD367533226B5345006CE316 /* UserNotificationsUI.framework in Frameworks */,
				AD367531226B5345006CE316 /* UserNotifications.framework in Frameworks */,
			);
			runOnlyForDeploymentPostprocessing = 0;
		};
		AD367543226B557D006CE316 /* Frameworks */ = {
			isa = PBXFrameworksBuildPhase;
			buildActionMask = 2147483647;
			files = (
				AD367548226B557D006CE316 /* UserNotificationsUI.framework in Frameworks */,
				AD367547226B557D006CE316 /* UserNotifications.framework in Frameworks */,
			);
			runOnlyForDeploymentPostprocessing = 0;
		};
		AD367561226B6171006CE316 /* Frameworks */ = {
			isa = PBXFrameworksBuildPhase;
			buildActionMask = 2147483647;
			files = (
			);
			runOnlyForDeploymentPostprocessing = 0;
		};
		ADD691D72265B00900330030 /* Frameworks */ = {
			isa = PBXFrameworksBuildPhase;
			buildActionMask = 2147483647;
			files = (
				ADD6920E2265B0A200330030 /* AudioToolbox.framework in Frameworks */,
			);
			runOnlyForDeploymentPostprocessing = 0;
		};
		ADD691EB2265B00C00330030 /* Frameworks */ = {
			isa = PBXFrameworksBuildPhase;
			buildActionMask = 2147483647;
			files = (
			);
			runOnlyForDeploymentPostprocessing = 0;
		};
		ADD691F62265B00D00330030 /* Frameworks */ = {
			isa = PBXFrameworksBuildPhase;
			buildActionMask = 2147483647;
			files = (
			);
			runOnlyForDeploymentPostprocessing = 0;
		};
/* End PBXFrameworksBuildPhase section */

/* Begin PBXGroup section */
		ADD691D12265B00800330030 = {
			isa = PBXGroup;
			children = (
				ADD691DC2265B00900330030 /* Music Player */,
				ADD691F12265B00C00330030 /* Music PlayerTests */,
				ADD691FC2265B00D00330030 /* Music PlayerUITests */,
				ADD691DB2265B00900330030 /* Products */,
				ADD6920C2265B0A200330030 /* Frameworks */,
			);
			sourceTree = "<group>";
		};
		ADD691DB2265B00900330030 /* Products */ = {
			isa = PBXGroup;
			children = (
				ADD691DA2265B00900330030 /* Music Player.app */,
				ADD691EE2265B00C00330030 /* Music PlayerTests.xctest */,
				ADD691F92265B00D00330030 /* Music PlayerUITests.xctest */,
				AD36752F226B5345006CE316 /* NotificationExtension.appex */,
				AD367546226B557D006CE316 /* NotificationExtension2.appex */,
				AD367558226B616E006CE316 /* watchMplayer.app */,
				AD367564226B6171006CE316 /* watchMplayer Extension.appex */,
			);
			name = Products;
			sourceTree = "<group>";
		};
		ADD691DC2265B00900330030 /* Music Player */ = {
			isa = PBXGroup;
			children = (
				ADD6920B2265B0A200330030 /* Music Player.entitlements */,
				ADD691DD2265B00B00330030 /* AppDelegate.swift */,
				ADD691DF2265B00B00330030 /* ViewController.swift */,
				ADD691E12265B00B00330030 /* Main.storyboard */,
				ADD691E42265B00C00330030 /* Assets.xcassets */,
				ADD691E62265B00C00330030 /* LaunchScreen.storyboard */,
				ADD691E92265B00C00330030 /* Info.plist */,
			);
			path = "Music Player";
			sourceTree = "<group>";
		};
		ADD691F12265B00C00330030 /* Music PlayerTests */ = {
			isa = PBXGroup;
			children = (
				ADD691F22265B00C00330030 /* Music_PlayerTests.swift */,
				ADD691F42265B00C00330030 /* Info.plist */,
			);
			path = "Music PlayerTests";
			sourceTree = "<group>";
		};
		ADD691FC2265B00D00330030 /* Music PlayerUITests */ = {
			isa = PBXGroup;
			children = (
				ADD691FD2265B00D00330030 /* Music_PlayerUITests.swift */,
				ADD691FF2265B00D00330030 /* Info.plist */,
			);
			path = "Music PlayerUITests";
			sourceTree = "<group>";
		};
		ADD6920C2265B0A200330030 /* Frameworks */ = {
			isa = PBXGroup;
			children = (
				ADD6920D2265B0A200330030 /* AudioToolbox.framework */,
				AD367530226B5345006CE316 /* UserNotifications.framework */,
				AD367532226B5345006CE316 /* UserNotificationsUI.framework */,
			);
			name = Frameworks;
			sourceTree = "<group>";
		};
/* End PBXGroup section */

/* Begin PBXNativeTarget section */
		AD36752E226B5345006CE316 /* NotificationExtension */ = {
			isa = PBXNativeTarget;
			buildConfigurationList = AD36753E226B5345006CE316 /* Build configuration list for PBXNativeTarget "NotificationExtension" */;
			buildPhases = (
				AD36752B226B5345006CE316 /* Sources */,
				AD36752C226B5345006CE316 /* Frameworks */,
				AD36752D226B5345006CE316 /* Resources */,
			);
			buildRules = (
			);
			dependencies = (
			);
			name = NotificationExtension;
			productName = NotificationExtension;
			productReference = AD36752F226B5345006CE316 /* NotificationExtension.appex */;
			productType = "com.apple.product-type.app-extension";
		};
		AD367545226B557D006CE316 /* NotificationExtension2 */ = {
			isa = PBXNativeTarget;
			buildConfigurationList = AD367553226B557D006CE316 /* Build configuration list for PBXNativeTarget "NotificationExtension2" */;
			buildPhases = (
				AD367542226B557D006CE316 /* Sources */,
				AD367543226B557D006CE316 /* Frameworks */,
				AD367544226B557D006CE316 /* Resources */,
			);
			buildRules = (
			);
			dependencies = (
			);
			name = NotificationExtension2;
			productName = NotificationExtension2;
			productReference = AD367546226B557D006CE316 /* NotificationExtension2.appex */;
			productType = "com.apple.product-type.app-extension";
		};
		AD367557226B616E006CE316 /* watchMplayer */ = {
			isa = PBXNativeTarget;
			buildConfigurationList = AD36757A226B6171006CE316 /* Build configuration list for PBXNativeTarget "watchMplayer" */;
			buildPhases = (
				AD367556226B616E006CE316 /* Resources */,
				AD367579226B6171006CE316 /* Embed App Extensions */,
			);
			buildRules = (
			);
			dependencies = (
				AD367567226B6171006CE316 /* PBXTargetDependency */,
			);
			name = watchMplayer;
			productName = watchMplayer;
			productReference = AD367558226B616E006CE316 /* watchMplayer.app */;
			productType = "com.apple.product-type.application.watchapp2";
		};
		AD367563226B6171006CE316 /* watchMplayer Extension */ = {
			isa = PBXNativeTarget;
			buildConfigurationList = AD367576226B6171006CE316 /* Build configuration list for PBXNativeTarget "watchMplayer Extension" */;
			buildPhases = (
				AD367560226B6171006CE316 /* Sources */,
				AD367561226B6171006CE316 /* Frameworks */,
				AD367562226B6171006CE316 /* Resources */,
			);
			buildRules = (
			);
			dependencies = (
			);
			name = "watchMplayer Extension";
			productName = "watchMplayer Extension";
			productReference = AD367564226B6171006CE316 /* watchMplayer Extension.appex */;
			productType = "com.apple.product-type.watchkit2-extension";
		};
		ADD691D92265B00900330030 /* Music Player */ = {
			isa = PBXNativeTarget;
			buildConfigurationList = ADD692022265B00D00330030 /* Build configuration list for PBXNativeTarget "Music Player" */;
			buildPhases = (
				ADD691D62265B00900330030 /* Sources */,
				ADD691D72265B00900330030 /* Frameworks */,
				ADD691D82265B00900330030 /* Resources */,
				AD367541226B5345006CE316 /* Embed App Extensions */,
				AD36757D226B6171006CE316 /* Embed Watch Content */,
			);
			buildRules = (
			);
			dependencies = (
				AD36753C226B5345006CE316 /* PBXTargetDependency */,
				AD367551226B557D006CE316 /* PBXTargetDependency */,
				AD367574226B6171006CE316 /* PBXTargetDependency */,
			);
			name = "Music Player";
			productName = "Music Player";
			productReference = ADD691DA2265B00900330030 /* Music Player.app */;
			productType = "com.apple.product-type.application";
		};
		ADD691ED2265B00C00330030 /* Music PlayerTests */ = {
			isa = PBXNativeTarget;
			buildConfigurationList = ADD692052265B00D00330030 /* Build configuration list for PBXNativeTarget "Music PlayerTests" */;
			buildPhases = (
				ADD691EA2265B00C00330030 /* Sources */,
				ADD691EB2265B00C00330030 /* Frameworks */,
				ADD691EC2265B00C00330030 /* Resources */,
			);
			buildRules = (
			);
			dependencies = (
				ADD691F02265B00C00330030 /* PBXTargetDependency */,
			);
			name = "Music PlayerTests";
			productName = "Music PlayerTests";
			productReference = ADD691EE2265B00C00330030 /* Music PlayerTests.xctest */;
			productType = "com.apple.product-type.bundle.unit-test";
		};
		ADD691F82265B00D00330030 /* Music PlayerUITests */ = {
			isa = PBXNativeTarget;
			buildConfigurationList = ADD692082265B00D00330030 /* Build configuration list for PBXNativeTarget "Music PlayerUITests" */;
			buildPhases = (
				ADD691F52265B00D00330030 /* Sources */,
				ADD691F62265B00D00330030 /* Frameworks */,
				ADD691F72265B00D00330030 /* Resources */,
			);
			buildRules = (
			);
			dependencies = (
				ADD691FB2265B00D00330030 /* PBXTargetDependency */,
			);
			name = "Music PlayerUITests";
			productName = "Music PlayerUITests";
			productReference = ADD691F92265B00D00330030 /* Music PlayerUITests.xctest */;
			productType = "com.apple.product-type.bundle.ui-testing";
		};
/* End PBXNativeTarget section */

/* Begin PBXProject section */
		ADD691D22265B00800330030 /* Project object */ = {
			isa = PBXProject;
			attributes = {
				LastSwiftUpdateCheck = 0920;
				LastUpgradeCheck = 1020;
				ORGANIZATIONNAME = "Sudhanshu Jaisani";
				TargetAttributes = {
					AD36752E226B5345006CE316 = {
						CreatedOnToolsVersion = 9.2;
						ProvisioningStyle = Automatic;
					};
					AD367545226B557D006CE316 = {
						CreatedOnToolsVersion = 9.2;
						ProvisioningStyle = Automatic;
					};
					AD367557226B616E006CE316 = {
						CreatedOnToolsVersion = 9.2;
						ProvisioningStyle = Automatic;
					};
					AD367563226B6171006CE316 = {
						CreatedOnToolsVersion = 9.2;
						ProvisioningStyle = Automatic;
						SystemCapabilities = {
							com.apple.BackgroundModes.watchos.extension = {
								enabled = 0;
							};
						};
					};
					ADD691D92265B00900330030 = {
						CreatedOnToolsVersion = 9.2;
						ProvisioningStyle = Automatic;
						SystemCapabilities = {
							com.apple.BackgroundModes = {
								enabled = 0;
							};
							com.apple.InterAppAudio = {
								enabled = 1;
							};
						};
					};
					ADD691ED2265B00C00330030 = {
						CreatedOnToolsVersion = 9.2;
						ProvisioningStyle = Automatic;
						TestTargetID = ADD691D92265B00900330030;
					};
					ADD691F82265B00D00330030 = {
						CreatedOnToolsVersion = 9.2;
						ProvisioningStyle = Automatic;
						TestTargetID = ADD691D92265B00900330030;
					};
				};
			};
			buildConfigurationList = ADD691D52265B00800330030 /* Build configuration list for PBXProject "Music Player" */;
			compatibilityVersion = "Xcode 8.0";
			developmentRegion = en;
			hasScannedForEncodings = 0;
			knownRegions = (
				en,
				Base,
			);
			mainGroup = ADD691D12265B00800330030;
			productRefGroup = ADD691DB2265B00900330030 /* Products */;
			projectDirPath = "";
			projectRoot = "";
			targets = (
				ADD691D92265B00900330030 /* Music Player */,
				ADD691ED2265B00C00330030 /* Music PlayerTests */,
				ADD691F82265B00D00330030 /* Music PlayerUITests */,
				AD36752E226B5345006CE316 /* NotificationExtension */,
				AD367545226B557D006CE316 /* NotificationExtension2 */,
				AD367557226B616E006CE316 /* watchMplayer */,
				AD367563226B6171006CE316 /* watchMplayer Extension */,
			);
		};
/* End PBXProject section */

/* Begin PBXResourcesBuildPhase section */
		AD36752D226B5345006CE316 /* Resources */ = {
			isa = PBXResourcesBuildPhase;
			buildActionMask = 2147483647;
			files = (
			);
			runOnlyForDeploymentPostprocessing = 0;
		};
		AD367544226B557D006CE316 /* Resources */ = {
			isa = PBXResourcesBuildPhase;
			buildActionMask = 2147483647;
			files = (
			);
			runOnlyForDeploymentPostprocessing = 0;
		};
		AD367556226B616E006CE316 /* Resources */ = {
			isa = PBXResourcesBuildPhase;
			buildActionMask = 2147483647;
			files = (
			);
			runOnlyForDeploymentPostprocessing = 0;
		};
		AD367562226B6171006CE316 /* Resources */ = {
			isa = PBXResourcesBuildPhase;
			buildActionMask = 2147483647;
			files = (
			);
			runOnlyForDeploymentPostprocessing = 0;
		};
		ADD691D82265B00900330030 /* Resources */ = {
			isa = PBXResourcesBuildPhase;
			buildActionMask = 2147483647;
			files = (
				ADD691E82265B00C00330030 /* LaunchScreen.storyboard in Resources */,
				ADD691E52265B00C00330030 /* Assets.xcassets in Resources */,
				ADD691E32265B00C00330030 /* Main.storyboard in Resources */,
			);
			runOnlyForDeploymentPostprocessing = 0;
		};
		ADD691EC2265B00C00330030 /* Resources */ = {
			isa = PBXResourcesBuildPhase;
			buildActionMask = 2147483647;
			files = (
			);
			runOnlyForDeploymentPostprocessing = 0;
		};
		ADD691F72265B00D00330030 /* Resources */ = {
			isa = PBXResourcesBuildPhase;
			buildActionMask = 2147483647;
			files = (
			);
			runOnlyForDeploymentPostprocessing = 0;
		};
/* End PBXResourcesBuildPhase section */

/* Begin PBXSourcesBuildPhase section */
		AD36752B226B5345006CE316 /* Sources */ = {
			isa = PBXSourcesBuildPhase;
			buildActionMask = 2147483647;
			files = (
			);
			runOnlyForDeploymentPostprocessing = 0;
		};
		AD367542226B557D006CE316 /* Sources */ = {
			isa = PBXSourcesBuildPhase;
			buildActionMask = 2147483647;
			files = (
			);
			runOnlyForDeploymentPostprocessing = 0;
		};
		AD367560226B6171006CE316 /* Sources */ = {
			isa = PBXSourcesBuildPhase;
			buildActionMask = 2147483647;
			files = (
			);
			runOnlyForDeploymentPostprocessing = 0;
		};
		ADD691D62265B00900330030 /* Sources */ = {
			isa = PBXSourcesBuildPhase;
			buildActionMask = 2147483647;
			files = (
				ADD691E02265B00B00330030 /* ViewController.swift in Sources */,
				ADD691DE2265B00B00330030 /* AppDelegate.swift in Sources */,
			);
			runOnlyForDeploymentPostprocessing = 0;
		};
		ADD691EA2265B00C00330030 /* Sources */ = {
			isa = PBXSourcesBuildPhase;
			buildActionMask = 2147483647;
			files = (
				ADD691F32265B00C00330030 /* Music_PlayerTests.swift in Sources */,
			);
			runOnlyForDeploymentPostprocessing = 0;
		};
		ADD691F52265B00D00330030 /* Sources */ = {
			isa = PBXSourcesBuildPhase;
			buildActionMask = 2147483647;
			files = (
				ADD691FE2265B00D00330030 /* Music_PlayerUITests.swift in Sources */,
			);
			runOnlyForDeploymentPostprocessing = 0;
		};
/* End PBXSourcesBuildPhase section */

/* Begin PBXTargetDependency section */
		AD36753C226B5345006CE316 /* PBXTargetDependency */ = {
			isa = PBXTargetDependency;
			target = AD36752E226B5345006CE316 /* NotificationExtension */;
			targetProxy = AD36753B226B5345006CE316 /* PBXContainerItemProxy */;
		};
		AD367551226B557D006CE316 /* PBXTargetDependency */ = {
			isa = PBXTargetDependency;
			target = AD367545226B557D006CE316 /* NotificationExtension2 */;
			targetProxy = AD367550226B557D006CE316 /* PBXContainerItemProxy */;
		};
		AD367567226B6171006CE316 /* PBXTargetDependency */ = {
			isa = PBXTargetDependency;
			target = AD367563226B6171006CE316 /* watchMplayer Extension */;
			targetProxy = AD367566226B6171006CE316 /* PBXContainerItemProxy */;
		};
		AD367574226B6171006CE316 /* PBXTargetDependency */ = {
			isa = PBXTargetDependency;
			target = AD367557226B616E006CE316 /* watchMplayer */;
			targetProxy = AD367573226B6171006CE316 /* PBXContainerItemProxy */;
		};
		ADD691F02265B00C00330030 /* PBXTargetDependency */ = {
			isa = PBXTargetDependency;
			target = ADD691D92265B00900330030 /* Music Player */;
			targetProxy = ADD691EF2265B00C00330030 /* PBXContainerItemProxy */;
		};
		ADD691FB2265B00D00330030 /* PBXTargetDependency */ = {
			isa = PBXTargetDependency;
			target = ADD691D92265B00900330030 /* Music Player */;
			targetProxy = ADD691FA2265B00D00330030 /* PBXContainerItemProxy */;
		};
/* End PBXTargetDependency section */

/* Begin PBXVariantGroup section */
		ADD691E12265B00B00330030 /* Main.storyboard */ = {
			isa = PBXVariantGroup;
			children = (
				ADD691E22265B00B00330030 /* Base */,
			);
			name = Main.storyboard;
			sourceTree = "<group>";
		};
		ADD691E62265B00C00330030 /* LaunchScreen.storyboard */ = {
			isa = PBXVariantGroup;
			children = (
				ADD691E72265B00C00330030 /* Base */,
			);
			name = LaunchScreen.storyboard;
			sourceTree = "<group>";
		};
/* End PBXVariantGroup section */

/* Begin XCBuildConfiguration section */
		AD36753F226B5345006CE316 /* Debug */ = {
			isa = XCBuildConfiguration;
			buildSettings = {
				CODE_SIGN_STYLE = Automatic;
				DEVELOPMENT_TEAM = WZU38568CG;
				INFOPLIST_FILE = NotificationExtension/Info.plist;
				IPHONEOS_DEPLOYMENT_TARGET = 11.2;
				LD_RUNPATH_SEARCH_PATHS = "$(inherited) @executable_path/Frameworks @executable_path/../../Frameworks";
				PRODUCT_BUNDLE_IDENTIFIER = "com.sudhanshujaisani.Music-Player.NotificationExtension";
				PRODUCT_NAME = "$(TARGET_NAME)";
				SKIP_INSTALL = YES;
				SWIFT_VERSION = 4.0;
				TARGETED_DEVICE_FAMILY = "1,2";
			};
			name = Debug;
		};
		AD367540226B5345006CE316 /* Release */ = {
			isa = XCBuildConfiguration;
			buildSettings = {
				CODE_SIGN_STYLE = Automatic;
				DEVELOPMENT_TEAM = WZU38568CG;
				INFOPLIST_FILE = NotificationExtension/Info.plist;
				IPHONEOS_DEPLOYMENT_TARGET = 11.2;
				LD_RUNPATH_SEARCH_PATHS = "$(inherited) @executable_path/Frameworks @executable_path/../../Frameworks";
				PRODUCT_BUNDLE_IDENTIFIER = "com.sudhanshujaisani.Music-Player.NotificationExtension";
				PRODUCT_NAME = "$(TARGET_NAME)";
				SKIP_INSTALL = YES;
				SWIFT_VERSION = 4.0;
				TARGETED_DEVICE_FAMILY = "1,2";
			};
			name = Release;
		};
		AD367554226B557D006CE316 /* Debug */ = {
			isa = XCBuildConfiguration;
			buildSettings = {
				CODE_SIGN_STYLE = Automatic;
				DEVELOPMENT_TEAM = WZU38568CG;
				INFOPLIST_FILE = NotificationExtension2/Info.plist;
				IPHONEOS_DEPLOYMENT_TARGET = 11.2;
				LD_RUNPATH_SEARCH_PATHS = "$(inherited) @executable_path/Frameworks @executable_path/../../Frameworks";
				PRODUCT_BUNDLE_IDENTIFIER = "com.sudhanshujaisani.Music-Player.NotificationExtension2";
				PRODUCT_NAME = "$(TARGET_NAME)";
				SKIP_INSTALL = YES;
				SWIFT_VERSION = 4.0;
				TARGETED_DEVICE_FAMILY = "1,2";
			};
			name = Debug;
		};
		AD367555226B557D006CE316 /* Release */ = {
			isa = XCBuildConfiguration;
			buildSettings = {
				CODE_SIGN_STYLE = Automatic;
				DEVELOPMENT_TEAM = WZU38568CG;
				INFOPLIST_FILE = NotificationExtension2/Info.plist;
				IPHONEOS_DEPLOYMENT_TARGET = 11.2;
				LD_RUNPATH_SEARCH_PATHS = "$(inherited) @executable_path/Frameworks @executable_path/../../Frameworks";
				PRODUCT_BUNDLE_IDENTIFIER = "com.sudhanshujaisani.Music-Player.NotificationExtension2";
				PRODUCT_NAME = "$(TARGET_NAME)";
				SKIP_INSTALL = YES;
				SWIFT_VERSION = 4.0;
				TARGETED_DEVICE_FAMILY = "1,2";
			};
			name = Release;
		};
		AD367577226B6171006CE316 /* Debug */ = {
			isa = XCBuildConfiguration;
			buildSettings = {
				ASSETCATALOG_COMPILER_COMPLICATION_NAME = Complication;
				CODE_SIGN_STYLE = Automatic;
				DEVELOPMENT_TEAM = WZU38568CG;
				INFOPLIST_FILE = "watchMplayer Extension/Info.plist";
				LD_RUNPATH_SEARCH_PATHS = "$(inherited) @executable_path/Frameworks @executable_path/../../Frameworks";
				PRODUCT_BUNDLE_IDENTIFIER = "com.sudhanshujaisani.Music-Player.watchkitapp.watchkitextension";
				PRODUCT_NAME = "${TARGET_NAME}";
				SDKROOT = watchos;
				SKIP_INSTALL = YES;
				SWIFT_VERSION = 4.0;
				TARGETED_DEVICE_FAMILY = 4;
				WATCHOS_DEPLOYMENT_TARGET = 4.2;
			};
			name = Debug;
		};
		AD367578226B6171006CE316 /* Release */ = {
			isa = XCBuildConfiguration;
			buildSettings = {
				ASSETCATALOG_COMPILER_COMPLICATION_NAME = Complication;
				CODE_SIGN_STYLE = Automatic;
				DEVELOPMENT_TEAM = WZU38568CG;
				INFOPLIST_FILE = "watchMplayer Extension/Info.plist";
				LD_RUNPATH_SEARCH_PATHS = "$(inherited) @executable_path/Frameworks @executable_path/../../Frameworks";
				PRODUCT_BUNDLE_IDENTIFIER = "com.sudhanshujaisani.Music-Player.watchkitapp.watchkitextension";
				PRODUCT_NAME = "${TARGET_NAME}";
				SDKROOT = watchos;
				SKIP_INSTALL = YES;
				SWIFT_VERSION = 4.0;
				TARGETED_DEVICE_FAMILY = 4;
				WATCHOS_DEPLOYMENT_TARGET = 4.2;
			};
			name = Release;
		};
		AD36757B226B6171006CE316 /* Debug */ = {
			isa = XCBuildConfiguration;
			buildSettings = {
				ASSETCATALOG_COMPILER_APPICON_NAME = AppIcon;
				CODE_SIGN_STYLE = Automatic;
				DEVELOPMENT_TEAM = WZU38568CG;
				IBSC_MODULE = watchMplayer_Extension;
				INFOPLIST_FILE = watchMplayer/Info.plist;
				PRODUCT_BUNDLE_IDENTIFIER = "com.sudhanshujaisani.Music-Player.watchkitapp";
				PRODUCT_NAME = "$(TARGET_NAME)";
				SDKROOT = watchos;
				SKIP_INSTALL = YES;
				SWIFT_VERSION = 4.0;
				TARGETED_DEVICE_FAMILY = 4;
				WATCHOS_DEPLOYMENT_TARGET = 4.2;
			};
			name = Debug;
		};
		AD36757C226B6171006CE316 /* Release */ = {
			isa = XCBuildConfiguration;
			buildSettings = {
				ASSETCATALOG_COMPILER_APPICON_NAME = AppIcon;
				CODE_SIGN_STYLE = Automatic;
				DEVELOPMENT_TEAM = WZU38568CG;
				IBSC_MODULE = watchMplayer_Extension;
				INFOPLIST_FILE = watchMplayer/Info.plist;
				PRODUCT_BUNDLE_IDENTIFIER = "com.sudhanshujaisani.Music-Player.watchkitapp";
				PRODUCT_NAME = "$(TARGET_NAME)";
				SDKROOT = watchos;
				SKIP_INSTALL = YES;
				SWIFT_VERSION = 4.0;
				TARGETED_DEVICE_FAMILY = 4;
				WATCHOS_DEPLOYMENT_TARGET = 4.2;
			};
			name = Release;
		};
		ADD692002265B00D00330030 /* Debug */ = {
			isa = XCBuildConfiguration;
			buildSettings = {
				ALWAYS_SEARCH_USER_PATHS = NO;
				CLANG_ANALYZER_NONNULL = YES;
				CLANG_ANALYZER_NUMBER_OBJECT_CONVERSION = YES_AGGRESSIVE;
				CLANG_CXX_LANGUAGE_STANDARD = "gnu++14";
				CLANG_CXX_LIBRARY = "libc++";
				CLANG_ENABLE_MODULES = YES;
				CLANG_ENABLE_OBJC_ARC = YES;
				CLANG_WARN_BLOCK_CAPTURE_AUTORELEASING = YES;
				CLANG_WARN_BOOL_CONVERSION = YES;
				CLANG_WARN_COMMA = YES;
				CLANG_WARN_CONSTANT_CONVERSION = YES;
				CLANG_WARN_DEPRECATED_OBJC_IMPLEMENTATIONS = YES;
				CLANG_WARN_DIRECT_OBJC_ISA_USAGE = YES_ERROR;
				CLANG_WARN_DOCUMENTATION_COMMENTS = YES;
				CLANG_WARN_EMPTY_BODY = YES;
				CLANG_WARN_ENUM_CONVERSION = YES;
				CLANG_WARN_INFINITE_RECURSION = YES;
				CLANG_WARN_INT_CONVERSION = YES;
				CLANG_WARN_NON_LITERAL_NULL_CONVERSION = YES;
				CLANG_WARN_OBJC_IMPLICIT_RETAIN_SELF = YES;
				CLANG_WARN_OBJC_LITERAL_CONVERSION = YES;
				CLANG_WARN_OBJC_ROOT_CLASS = YES_ERROR;
				CLANG_WARN_RANGE_LOOP_ANALYSIS = YES;
				CLANG_WARN_STRICT_PROTOTYPES = YES;
				CLANG_WARN_SUSPICIOUS_MOVE = YES;
				CLANG_WARN_UNGUARDED_AVAILABILITY = YES_AGGRESSIVE;
				CLANG_WARN_UNREACHABLE_CODE = YES;
				CLANG_WARN__DUPLICATE_METHOD_MATCH = YES;
				CODE_SIGN_IDENTITY = "iPhone Developer";
				COPY_PHASE_STRIP = NO;
				DEBUG_INFORMATION_FORMAT = dwarf;
				ENABLE_STRICT_OBJC_MSGSEND = YES;
				ENABLE_TESTABILITY = YES;
				GCC_C_LANGUAGE_STANDARD = gnu11;
				GCC_DYNAMIC_NO_PIC = NO;
				GCC_NO_COMMON_BLOCKS = YES;
				GCC_OPTIMIZATION_LEVEL = 0;
				GCC_PREPROCESSOR_DEFINITIONS = (
					"DEBUG=1",
					"$(inherited)",
				);
				GCC_WARN_64_TO_32_BIT_CONVERSION = YES;
				GCC_WARN_ABOUT_RETURN_TYPE = YES_ERROR;
				GCC_WARN_UNDECLARED_SELECTOR = YES;
				GCC_WARN_UNINITIALIZED_AUTOS = YES_AGGRESSIVE;
				GCC_WARN_UNUSED_FUNCTION = YES;
				GCC_WARN_UNUSED_VARIABLE = YES;
				IPHONEOS_DEPLOYMENT_TARGET = 9.3;
				MTL_ENABLE_DEBUG_INFO = YES;
				ONLY_ACTIVE_ARCH = YES;
				SDKROOT = iphoneos;
				SWIFT_ACTIVE_COMPILATION_CONDITIONS = DEBUG;
				SWIFT_OPTIMIZATION_LEVEL = "-Onone";
			};
			name = Debug;
		};
		ADD692012265B00D00330030 /* Release */ = {
			isa = XCBuildConfiguration;
			buildSettings = {
				ALWAYS_SEARCH_USER_PATHS = NO;
				CLANG_ANALYZER_NONNULL = YES;
				CLANG_ANALYZER_NUMBER_OBJECT_CONVERSION = YES_AGGRESSIVE;
				CLANG_CXX_LANGUAGE_STANDARD = "gnu++14";
				CLANG_CXX_LIBRARY = "libc++";
				CLANG_ENABLE_MODULES = YES;
				CLANG_ENABLE_OBJC_ARC = YES;
				CLANG_WARN_BLOCK_CAPTURE_AUTORELEASING = YES;
				CLANG_WARN_BOOL_CONVERSION = YES;
				CLANG_WARN_COMMA = YES;
				CLANG_WARN_CONSTANT_CONVERSION = YES;
				CLANG_WARN_DEPRECATED_OBJC_IMPLEMENTATIONS = YES;
				CLANG_WARN_DIRECT_OBJC_ISA_USAGE = YES_ERROR;
				CLANG_WARN_DOCUMENTATION_COMMENTS = YES;
				CLANG_WARN_EMPTY_BODY = YES;
				CLANG_WARN_ENUM_CONVERSION = YES;
				CLANG_WARN_INFINITE_RECURSION = YES;
				CLANG_WARN_INT_CONVERSION = YES;
				CLANG_WARN_NON_LITERAL_NULL_CONVERSION = YES;
				CLANG_WARN_OBJC_IMPLICIT_RETAIN_SELF = YES;
				CLANG_WARN_OBJC_LITERAL_CONVERSION = YES;
				CLANG_WARN_OBJC_ROOT_CLASS = YES_ERROR;
				CLANG_WARN_RANGE_LOOP_ANALYSIS = YES;
				CLANG_WARN_STRICT_PROTOTYPES = YES;
				CLANG_WARN_SUSPICIOUS_MOVE = YES;
				CLANG_WARN_UNGUARDED_AVAILABILITY = YES_AGGRESSIVE;
				CLANG_WARN_UNREACHABLE_CODE = YES;
				CLANG_WARN__DUPLICATE_METHOD_MATCH = YES;
				CODE_SIGN_IDENTITY = "iPhone Developer";
				COPY_PHASE_STRIP = NO;
				DEBUG_INFORMATION_FORMAT = "dwarf-with-dsym";
				ENABLE_NS_ASSERTIONS = NO;
				ENABLE_STRICT_OBJC_MSGSEND = YES;
				GCC_C_LANGUAGE_STANDARD = gnu11;
				GCC_NO_COMMON_BLOCKS = YES;
				GCC_WARN_64_TO_32_BIT_CONVERSION = YES;
				GCC_WARN_ABOUT_RETURN_TYPE = YES_ERROR;
				GCC_WARN_UNDECLARED_SELECTOR = YES;
				GCC_WARN_UNINITIALIZED_AUTOS = YES_AGGRESSIVE;
				GCC_WARN_UNUSED_FUNCTION = YES;
				GCC_WARN_UNUSED_VARIABLE = YES;
				IPHONEOS_DEPLOYMENT_TARGET = 9.3;
				MTL_ENABLE_DEBUG_INFO = NO;
				SDKROOT = iphoneos;
				SWIFT_OPTIMIZATION_LEVEL = "-Owholemodule";
				VALIDATE_PRODUCT = YES;
			};
			name = Release;
		};
		ADD692032265B00D00330030 /* Debug */ = {
			isa = XCBuildConfiguration;
			buildSettings = {
				ASSETCATALOG_COMPILER_APPICON_NAME = AppIcon;
				CODE_SIGN_ENTITLEMENTS = "Music Player/Music Player.entitlements";
				CODE_SIGN_STYLE = Automatic;
				DEVELOPMENT_TEAM = WZU38568CG;
				INFOPLIST_FILE = "Music Player/Info.plist";
				LD_RUNPATH_SEARCH_PATHS = "$(inherited) @executable_path/Frameworks";
				PRODUCT_BUNDLE_IDENTIFIER = "com.sudhanshujaisani.Music-Player";
				PRODUCT_NAME = "$(TARGET_NAME)";
				SWIFT_VERSION = 4.0;
				TARGETED_DEVICE_FAMILY = "1,2";
			};
			name = Debug;
		};
		ADD692042265B00D00330030 /* Release */ = {
			isa = XCBuildConfiguration;
			buildSettings = {
				ASSETCATALOG_COMPILER_APPICON_NAME = AppIcon;
				CODE_SIGN_ENTITLEMENTS = "Music Player/Music Player.entitlements";
				CODE_SIGN_STYLE = Automatic;
				DEVELOPMENT_TEAM = WZU38568CG;
				INFOPLIST_FILE = "Music Player/Info.plist";
				LD_RUNPATH_SEARCH_PATHS = "$(inherited) @executable_path/Frameworks";
				PRODUCT_BUNDLE_IDENTIFIER = "com.sudhanshujaisani.Music-Player";
				PRODUCT_NAME = "$(TARGET_NAME)";
				SWIFT_VERSION = 4.0;
				TARGETED_DEVICE_FAMILY = "1,2";
			};
			name = Release;
		};
		ADD692062265B00D00330030 /* Debug */ = {
			isa = XCBuildConfiguration;
			buildSettings = {
				ALWAYS_EMBED_SWIFT_STANDARD_LIBRARIES = YES;
				BUNDLE_LOADER = "$(TEST_HOST)";
				CODE_SIGN_STYLE = Automatic;
				INFOPLIST_FILE = "Music PlayerTests/Info.plist";
				LD_RUNPATH_SEARCH_PATHS = "$(inherited) @executable_path/Frameworks @loader_path/Frameworks";
				PRODUCT_BUNDLE_IDENTIFIER = "com.sudhanshujaisani.Music-PlayerTests";
				PRODUCT_NAME = "$(TARGET_NAME)";
				SWIFT_VERSION = 4.0;
				TARGETED_DEVICE_FAMILY = "1,2";
				TEST_HOST = "$(BUILT_PRODUCTS_DIR)/Music Player.app/Music Player";
			};
			name = Debug;
		};
		ADD692072265B00D00330030 /* Release */ = {
			isa = XCBuildConfiguration;
			buildSettings = {
				ALWAYS_EMBED_SWIFT_STANDARD_LIBRARIES = YES;
				BUNDLE_LOADER = "$(TEST_HOST)";
				CODE_SIGN_STYLE = Automatic;
				INFOPLIST_FILE = "Music PlayerTests/Info.plist";
				LD_RUNPATH_SEARCH_PATHS = "$(inherited) @executable_path/Frameworks @loader_path/Frameworks";
				PRODUCT_BUNDLE_IDENTIFIER = "com.sudhanshujaisani.Music-PlayerTests";
				PRODUCT_NAME = "$(TARGET_NAME)";
				SWIFT_VERSION = 4.0;
				TARGETED_DEVICE_FAMILY = "1,2";
				TEST_HOST = "$(BUILT_PRODUCTS_DIR)/Music Player.app/Music Player";
			};
			name = Release;
		};
		ADD692092265B00D00330030 /* Debug */ = {
			isa = XCBuildConfiguration;
			buildSettings = {
				ALWAYS_EMBED_SWIFT_STANDARD_LIBRARIES = YES;
				CODE_SIGN_STYLE = Automatic;
				INFOPLIST_FILE = "Music PlayerUITests/Info.plist";
				LD_RUNPATH_SEARCH_PATHS = "$(inherited) @executable_path/Frameworks @loader_path/Frameworks";
				PRODUCT_BUNDLE_IDENTIFIER = "com.sudhanshujaisani.Music-PlayerUITests";
				PRODUCT_NAME = "$(TARGET_NAME)";
				SWIFT_VERSION = 4.0;
				TARGETED_DEVICE_FAMILY = "1,2";
				TEST_TARGET_NAME = "Music Player";
			};
			name = Debug;
		};
		ADD6920A2265B00D00330030 /* Release */ = {
			isa = XCBuildConfiguration;
			buildSettings = {
				ALWAYS_EMBED_SWIFT_STANDARD_LIBRARIES = YES;
				CODE_SIGN_STYLE = Automatic;
				INFOPLIST_FILE = "Music PlayerUITests/Info.plist";
				LD_RUNPATH_SEARCH_PATHS = "$(inherited) @executable_path/Frameworks @loader_path/Frameworks";
				PRODUCT_BUNDLE_IDENTIFIER = "com.sudhanshujaisani.Music-PlayerUITests";
				PRODUCT_NAME = "$(TARGET_NAME)";
				SWIFT_VERSION = 4.0;
				TARGETED_DEVICE_FAMILY = "1,2";
				TEST_TARGET_NAME = "Music Player";
			};
			name = Release;
		};
/* End XCBuildConfiguration section */

/* Begin XCConfigurationList section */
		AD36753E226B5345006CE316 /* Build configuration list for PBXNativeTarget "NotificationExtension" */ = {
			isa = XCConfigurationList;
			buildConfigurations = (
				AD36753F226B5345006CE316 /* Debug */,
				AD367540226B5345006CE316 /* Release */,
			);
			defaultConfigurationIsVisible = 0;
			defaultConfigurationName = Release;
		};
		AD367553226B557D006CE316 /* Build configuration list for PBXNativeTarget "NotificationExtension2" */ = {
			isa = XCConfigurationList;
			buildConfigurations = (
				AD367554226B557D006CE316 /* Debug */,
				AD367555226B557D006CE316 /* Release */,
			);
			defaultConfigurationIsVisible = 0;
			defaultConfigurationName = Release;
		};
		AD367576226B6171006CE316 /* Build configuration list for PBXNativeTarget "watchMplayer Extension" */ = {
			isa = XCConfigurationList;
			buildConfigurations = (
				AD367577226B6171006CE316 /* Debug */,
				AD367578226B6171006CE316 /* Release */,
			);
			defaultConfigurationIsVisible = 0;
			defaultConfigurationName = Release;
		};
		AD36757A226B6171006CE316 /* Build configuration list for PBXNativeTarget "watchMplayer" */ = {
			isa = XCConfigurationList;
			buildConfigurations = (
				AD36757B226B6171006CE316 /* Debug */,
				AD36757C226B6171006CE316 /* Release */,
			);
			defaultConfigurationIsVisible = 0;
			defaultConfigurationName = Release;
		};
		ADD691D52265B00800330030 /* Build configuration list for PBXProject "Music Player" */ = {
			isa = XCConfigurationList;
			buildConfigurations = (
				ADD692002265B00D00330030 /* Debug */,
				ADD692012265B00D00330030 /* Release */,
			);
			defaultConfigurationIsVisible = 0;
			defaultConfigurationName = Release;
		};
		ADD692022265B00D00330030 /* Build configuration list for PBXNativeTarget "Music Player" */ = {
			isa = XCConfigurationList;
			buildConfigurations = (
				ADD692032265B00D00330030 /* Debug */,
				ADD692042265B00D00330030 /* Release */,
			);
			defaultConfigurationIsVisible = 0;
			defaultConfigurationName = Release;
		};
		ADD692052265B00D00330030 /* Build configuration list for PBXNativeTarget "Music PlayerTests" */ = {
			isa = XCConfigurationList;
			buildConfigurations = (
				ADD692062265B00D00330030 /* Debug */,
				ADD692072265B00D00330030 /* Release */,
			);
			defaultConfigurationIsVisible = 0;
			defaultConfigurationName = Release;
		};
		ADD692082265B00D00330030 /* Build configuration list for PBXNativeTarget "Music PlayerUITests" */ = {
			isa = XCConfigurationList;
			buildConfigurations = (
				ADD692092265B00D00330030 /* Debug */,
				ADD6920A2265B00D00330030 /* Release */,
			);
			defaultConfigurationIsVisible = 0;
			defaultConfigurationName = Release;
		};
/* End XCConfigurationList section */
	};
	rootObject = ADD691D22265B00800330030 /* Project object */;
}
